
Microsoft Visual Studio Solution File, Format Version 12.00
# Visual Studio Version 17
VisualStudioVersion = 17.5.33516.290
MinimumVisualStudioVersion = 10.0.40219.1
Project("{9A19103F-16F7-4668-BE54-9A1E7A4F7556}") = "ChartEditWPF", "ChartEditWPF\ChartEditWPF.csproj", "{C4EF6FC2-0187-402D-B931-E04B3474A6A1}"
EndProject
Project("{9A19103F-16F7-4668-BE54-9A1E7A4F7556}") = "ChartEditLibrary", "ChartEditLibrary\ChartEditLibrary.csproj", "{E3AD3A8C-ADE5-459C-BA72-0EF0C7693392}"
EndProject
Project("{FAE04EC0-301F-11D3-BF4B-00C04F79EFBC}") = "ConsoleApp1", "ConsoleApp1\ConsoleApp1.csproj", "{0D9C5E04-226B-41A9-80DC-0D5269C79550}"
EndProject
Global
	GlobalSection(SolutionConfigurationPlatforms) = preSolution
		Debug|Any CPU = Debug|Any CPU
		Release|Any CPU = Release|Any CPU
	EndGlobalSection
	GlobalSection(ProjectConfigurationPlatforms) = postSolution
		{C4EF6FC2-0187-402D-B931-E04B3474A6A1}.Debug|Any CPU.ActiveCfg = Debug|Any CPU
		{C4EF6FC2-0187-402D-B931-E04B3474A6A1}.Debug|Any CPU.Build.0 = Debug|Any CPU
		{C4EF6FC2-0187-402D-B931-E04B3474A6A1}.Release|Any CPU.ActiveCfg = Release|Any CPU
		{C4EF6FC2-0187-402D-B931-E04B3474A6A1}.Release|Any CPU.Build.0 = Release|Any CPU
		{E3AD3A8C-ADE5-459C-BA72-0EF0C7693392}.Debug|Any CPU.ActiveCfg = Debug|Any CPU
		{E3AD3A8C-ADE5-459C-BA72-0EF0C7693392}.Debug|Any CPU.Build.0 = Debug|Any CPU
		{E3AD3A8C-ADE5-459C-BA72-0EF0C7693392}.Release|Any CPU.ActiveCfg = Release|Any CPU
		{E3AD3A8C-ADE5-459C-BA72-0EF0C7693392}.Release|Any CPU.Build.0 = Release|Any CPU
		{0D9C5E04-226B-41A9-80DC-0D5269C79550}.Debug|Any CPU.ActiveCfg = Debug|Any CPU
		{0D9C5E04-226B-41A9-80DC-0D5269C79550}.Debug|Any CPU.Build.0 = Debug|Any CPU
		{0D9C5E04-226B-41A9-80DC-0D5269C79550}.Release|Any CPU.ActiveCfg = Release|Any CPU
		{0D9C5E04-226B-41A9-80DC-0D5269C79550}.Release|Any CPU.Build.0 = Release|Any CPU
	EndGlobalSection
	GlobalSection(SolutionProperties) = preSolution
		HideSolutionNode = FALSE
	EndGlobalSection
	GlobalSection(ExtensibilityGlobals) = postSolution
		SolutionGuid = {CFFBA8D1-2E56-436F-9DF2-CF32D6A74BF8}
	EndGlobalSection
EndGlobal
